// !$*UTF8*$!
{
	archiveVersion = 1;
	classes = {
	};
	objectVersion = 50;
	objects = {

/* Begin PBXBuildFile section */
		B764B75D23A7066500760E2A /* DampedHarmonicSpring.swift in Sources */ = {isa = PBXBuildFile; fileRef = B764B75C23A7066500760E2A /* DampedHarmonicSpring.swift */; };
		B764B75F23A70D8C00760E2A /* CGPointExtension.swift in Sources */ = {isa = PBXBuildFile; fileRef = B764B75E23A70D8C00760E2A /* CGPointExtension.swift */; };
		B7B4EBEF23A6376900B3CD32 /* AppDelegate.swift in Sources */ = {isa = PBXBuildFile; fileRef = B7B4EBEE23A6376900B3CD32 /* AppDelegate.swift */; };
		B7B4EBF123A6376900B3CD32 /* SceneDelegate.swift in Sources */ = {isa = PBXBuildFile; fileRef = B7B4EBF023A6376900B3CD32 /* SceneDelegate.swift */; };
		B7B4EBF323A6376900B3CD32 /* ViewController.swift in Sources */ = {isa = PBXBuildFile; fileRef = B7B4EBF223A6376900B3CD32 /* ViewController.swift */; };
		B7B4EBF623A6376900B3CD32 /* Main.storyboard in Resources */ = {isa = PBXBuildFile; fileRef = B7B4EBF423A6376900B3CD32 /* Main.storyboard */; };
		B7B4EBF823A6376900B3CD32 /* Assets.xcassets in Resources */ = {isa = PBXBuildFile; fileRef = B7B4EBF723A6376900B3CD32 /* Assets.xcassets */; };
		B7B4EBFB23A6376900B3CD32 /* LaunchScreen.storyboard in Resources */ = {isa = PBXBuildFile; fileRef = B7B4EBF923A6376900B3CD32 /* LaunchScreen.storyboard */; };
		B7B4EC0323A6396C00B3CD32 /* PictureInPictureState.swift in Sources */ = {isa = PBXBuildFile; fileRef = B7B4EC0223A6396C00B3CD32 /* PictureInPictureState.swift */; };
		B7B4EC0623A63B0700B3CD32 /* PictureInPicturePoint.swift in Sources */ = {isa = PBXBuildFile; fileRef = B7B4EC0523A63B0700B3CD32 /* PictureInPicturePoint.swift */; };
/* End PBXBuildFile section */

/* Begin PBXFileReference section */
		B764B75C23A7066500760E2A /* DampedHarmonicSpring.swift */ = {isa = PBXFileReference; fileEncoding = 4; lastKnownFileType = sourcecode.swift; path = DampedHarmonicSpring.swift; sourceTree = "<group>"; };
		B764B75E23A70D8C00760E2A /* CGPointExtension.swift */ = {isa = PBXFileReference; lastKnownFileType = sourcecode.swift; path = CGPointExtension.swift; sourceTree = "<group>"; };
		B7B4EBEB23A6376900B3CD32 /* PIPTest.app */ = {isa = PBXFileReference; explicitFileType = wrapper.application; includeInIndex = 0; path = PIPTest.app; sourceTree = BUILT_PRODUCTS_DIR; };
		B7B4EBEE23A6376900B3CD32 /* AppDelegate.swift */ = {isa = PBXFileReference; lastKnownFileType = sourcecode.swift; path = AppDelegate.swift; sourceTree = "<group>"; };
		B7B4EBF023A6376900B3CD32 /* SceneDelegate.swift */ = {isa = PBXFileReference; lastKnownFileType = sourcecode.swift; path = SceneDelegate.swift; sourceTree = "<group>"; };
		B7B4EBF223A6376900B3CD32 /* ViewController.swift */ = {isa = PBXFileReference; lastKnownFileType = sourcecode.swift; path = ViewController.swift; sourceTree = "<group>"; };
		B7B4EBF523A6376900B3CD32 /* Base */ = {isa = PBXFileReference; lastKnownFileType = file.storyboard; name = Base; path = Base.lproj/Main.storyboard; sourceTree = "<group>"; };
		B7B4EBF723A6376900B3CD32 /* Assets.xcassets */ = {isa = PBXFileReference; lastKnownFileType = folder.assetcatalog; path = Assets.xcassets; sourceTree = "<group>"; };
		B7B4EBFA23A6376900B3CD32 /* Base */ = {isa = PBXFileReference; lastKnownFileType = file.storyboard; name = Base; path = Base.lproj/LaunchScreen.storyboard; sourceTree = "<group>"; };
		B7B4EBFC23A6376900B3CD32 /* Info.plist */ = {isa = PBXFileReference; lastKnownFileType = text.plist.xml; path = Info.plist; sourceTree = "<group>"; };
		B7B4EC0223A6396C00B3CD32 /* PictureInPictureState.swift */ = {isa = PBXFileReference; lastKnownFileType = sourcecode.swift; path = PictureInPictureState.swift; sourceTree = "<group>"; };
		B7B4EC0523A63B0700B3CD32 /* PictureInPicturePoint.swift */ = {isa = PBXFileReference; lastKnownFileType = sourcecode.swift; path = PictureInPicturePoint.swift; sourceTree = "<group>"; };
/* End PBXFileReference section */

/* Begin PBXFrameworksBuildPhase section */
		B7B4EBE823A6376900B3CD32 /* Frameworks */ = {
			isa = PBXFrameworksBuildPhase;
			buildActionMask = 2147483647;
			files = (
			);
			runOnlyForDeploymentPostprocessing = 0;
		};
/* End PBXFrameworksBuildPhase section */

/* Begin PBXGroup section */
		B7B4EBE223A6376800B3CD32 = {
			isa = PBXGroup;
			children = (
				B7B4EBED23A6376900B3CD32 /* PIPTest */,
				B7B4EBEC23A6376900B3CD32 /* Products */,
			);
			sourceTree = "<group>";
		};
		B7B4EBEC23A6376900B3CD32 /* Products */ = {
			isa = PBXGroup;
			children = (
				B7B4EBEB23A6376900B3CD32 /* PIPTest.app */,
			);
			name = Products;
			sourceTree = "<group>";
		};
		B7B4EBED23A6376900B3CD32 /* PIPTest */ = {
			isa = PBXGroup;
			children = (
				B7B4EBEE23A6376900B3CD32 /* AppDelegate.swift */,
				B7B4EBF023A6376900B3CD32 /* SceneDelegate.swift */,
				B7B4EBF223A6376900B3CD32 /* ViewController.swift */,
				B764B75C23A7066500760E2A /* DampedHarmonicSpring.swift */,
				B764B75E23A70D8C00760E2A /* CGPointExtension.swift */,
				B7B4EC0423A63A0400B3CD32 /* Model */,
				B7B4EBF423A6376900B3CD32 /* Main.storyboard */,
				B7B4EBF723A6376900B3CD32 /* Assets.xcassets */,
				B7B4EBF923A6376900B3CD32 /* LaunchScreen.storyboard */,
				B7B4EBFC23A6376900B3CD32 /* Info.plist */,
			);
			path = PIPTest;
			sourceTree = "<group>";
		};
		B7B4EC0423A63A0400B3CD32 /* Model */ = {
			isa = PBXGroup;
			children = (
				B7B4EC0223A6396C00B3CD32 /* PictureInPictureState.swift */,
				B7B4EC0523A63B0700B3CD32 /* PictureInPicturePoint.swift */,
			);
			path = Model;
			sourceTree = "<group>";
		};
/* End PBXGroup section */

/* Begin PBXNativeTarget section */
		B7B4EBEA23A6376900B3CD32 /* PIPTest */ = {
			isa = PBXNativeTarget;
			buildConfigurationList = B7B4EBFF23A6376900B3CD32 /* Build configuration list for PBXNativeTarget "PIPTest" */;
			buildPhases = (
				B7B4EBE723A6376900B3CD32 /* Sources */,
				B7B4EBE823A6376900B3CD32 /* Frameworks */,
				B7B4EBE923A6376900B3CD32 /* Resources */,
			);
			buildRules = (
			);
			dependencies = (
			);
			name = PIPTest;
			productName = PIPTest;
			productReference = B7B4EBEB23A6376900B3CD32 /* PIPTest.app */;
			productType = "com.apple.product-type.application";
		};
/* End PBXNativeTarget section */

/* Begin PBXProject section */
		B7B4EBE323A6376800B3CD32 /* Project object */ = {
			isa = PBXProject;
			attributes = {
				LastSwiftUpdateCheck = 1130;
				LastUpgradeCheck = 1130;
				ORGANIZATIONNAME = "Den Jo";
				TargetAttributes = {
					B7B4EBEA23A6376900B3CD32 = {
						CreatedOnToolsVersion = 11.3;
					};
				};
			};
			buildConfigurationList = B7B4EBE623A6376800B3CD32 /* Build configuration list for PBXProject "PIPTest" */;
			compatibilityVersion = "Xcode 9.3";
			developmentRegion = en;
			hasScannedForEncodings = 0;
			knownRegions = (
				en,
				Base,
			);
			mainGroup = B7B4EBE223A6376800B3CD32;
			productRefGroup = B7B4EBEC23A6376900B3CD32 /* Products */;
			projectDirPath = "";
			projectRoot = "";
			targets = (
				B7B4EBEA23A6376900B3CD32 /* PIPTest */,
			);
		};
/* End PBXProject section */

/* Begin PBXResourcesBuildPhase section */
		B7B4EBE923A6376900B3CD32 /* Resources */ = {
			isa = PBXResourcesBuildPhase;
			buildActionMask = 2147483647;
			files = (
				B7B4EBFB23A6376900B3CD32 /* LaunchScreen.storyboard in Resources */,
				B7B4EBF823A6376900B3CD32 /* Assets.xcassets in Resources */,
				B7B4EBF623A6376900B3CD32 /* Main.storyboard in Resources */,
			);
			runOnlyForDeploymentPostprocessing = 0;
		};
/* End PBXResourcesBuildPhase section */

/* Begin PBXSourcesBuildPhase section */
		B7B4EBE723A6376900B3CD32 /* Sources */ = {
			isa = PBXSourcesBuildPhase;
			buildActionMask = 2147483647;
			files = (
				B764B75D23A7066500760E2A /* DampedHarmonicSpring.swift in Sources */,
				B7B4EBF323A6376900B3CD32 /* ViewController.swift in Sources */,
				B7B4EBEF23A6376900B3CD32 /* AppDelegate.swift in Sources */,
				B7B4EC0323A6396C00B3CD32 /* PictureInPictureState.swift in Sources */,
				B7B4EBF123A6376900B3CD32 /* SceneDelegate.swift in Sources */,
				B7B4EC0623A63B0700B3CD32 /* PictureInPicturePoint.swift in Sources */,
				B764B75F23A70D8C00760E2A /* CGPointExtension.swift in Sources */,
			);
			runOnlyForDeploymentPostprocessing = 0;
		};
/* End PBXSourcesBuildPhase section */

/* Begin PBXVariantGroup section */
		B7B4EBF423A6376900B3CD32 /* Main.storyboard */ = {
			isa = PBXVariantGroup;
			children = (
				B7B4EBF523A6376900B3CD32 /* Base */,
			);
			name = Main.storyboard;
			sourceTree = "<group>";
		};
		B7B4EBF923A6376900B3CD32 /* LaunchScreen.storyboard */ = {
			isa = PBXVariantGroup;
			children = (
				B7B4EBFA23A6376900B3CD32 /* Base */,
			);
			name = LaunchScreen.storyboard;
			sourceTree = "<group>";
		};
/* End PBXVariantGroup section */

/* Begin XCBuildConfiguration section */
		B7B4EBFD23A6376900B3CD32 /* Debug */ = {
			isa = XCBuildConfiguration;
			buildSettings = {
				ALWAYS_SEARCH_USER_PATHS = NO;
				CLANG_ANALYZER_NONNULL = YES;
				CLANG_ANALYZER_NUMBER_OBJECT_CONVERSION = YES_AGGRESSIVE;
				CLANG_CXX_LANGUAGE_STANDARD = "gnu++14";
				CLANG_CXX_LIBRARY = "libc++";
				CLANG_ENABLE_MODULES = YES;
				CLANG_ENABLE_OBJC_ARC = YES;
				CLANG_ENABLE_OBJC_WEAK = YES;
				CLANG_WARN_BLOCK_CAPTURE_AUTORELEASING = YES;
				CLANG_WARN_BOOL_CONVERSION = YES;
				CLANG_WARN_COMMA = YES;
				CLANG_WARN_CONSTANT_CONVERSION = YES;
				CLANG_WARN_DEPRECATED_OBJC_IMPLEMENTATIONS = YES;
				CLANG_WARN_DIRECT_OBJC_ISA_USAGE = YES_ERROR;
				CLANG_WARN_DOCUMENTATION_COMMENTS = YES;
				CLANG_WARN_EMPTY_BODY = YES;
				CLANG_WARN_ENUM_CONVERSION = YES;
				CLANG_WARN_INFINITE_RECURSION = YES;
				CLANG_WARN_INT_CONVERSION = YES;
				CLANG_WARN_NON_LITERAL_NULL_CONVERSION = YES;
				CLANG_WARN_OBJC_IMPLICIT_RETAIN_SELF = YES;
				CLANG_WARN_OBJC_LITERAL_CONVERSION = YES;
				CLANG_WARN_OBJC_ROOT_CLASS = YES_ERROR;
				CLANG_WARN_RANGE_LOOP_ANALYSIS = YES;
				CLANG_WARN_STRICT_PROTOTYPES = YES;
				CLANG_WARN_SUSPICIOUS_MOVE = YES;
				CLANG_WARN_UNGUARDED_AVAILABILITY = YES_AGGRESSIVE;
				CLANG_WARN_UNREACHABLE_CODE = YES;
				CLANG_WARN__DUPLICATE_METHOD_MATCH = YES;
				COPY_PHASE_STRIP = NO;
				DEBUG_INFORMATION_FORMAT = dwarf;
				ENABLE_STRICT_OBJC_MSGSEND = YES;
				ENABLE_TESTABILITY = YES;
				GCC_C_LANGUAGE_STANDARD = gnu11;
				GCC_DYNAMIC_NO_PIC = NO;
				GCC_NO_COMMON_BLOCKS = YES;
				GCC_OPTIMIZATION_LEVEL = 0;
				GCC_PREPROCESSOR_DEFINITIONS = (
					"DEBUG=1",
					"$(inherited)",
				);
				GCC_WARN_64_TO_32_BIT_CONVERSION = YES;
				GCC_WARN_ABOUT_RETURN_TYPE = YES_ERROR;
				GCC_WARN_UNDECLARED_SELECTOR = YES;
				GCC_WARN_UNINITIALIZED_AUTOS = YES_AGGRESSIVE;
				GCC_WARN_UNUSED_FUNCTION = YES;
				GCC_WARN_UNUSED_VARIABLE = YES;
				IPHONEOS_DEPLOYMENT_TARGET = 13.2;
				MTL_ENABLE_DEBUG_INFO = INCLUDE_SOURCE;
				MTL_FAST_MATH = YES;
				ONLY_ACTIVE_ARCH = YES;
				SDKROOT = iphoneos;
				SWIFT_ACTIVE_COMPILATION_CONDITIONS = DEBUG;
				SWIFT_OPTIMIZATION_LEVEL = "-Onone";
			};
			name = Debug;
		};
		B7B4EBFE23A6376900B3CD32 /* Release */ = {
			isa = XCBuildConfiguration;
			buildSettings = {
				ALWAYS_SEARCH_USER_PATHS = NO;
				CLANG_ANALYZER_NONNULL = YES;
				CLANG_ANALYZER_NUMBER_OBJECT_CONVERSION = YES_AGGRESSIVE;
				CLANG_CXX_LANGUAGE_STANDARD = "gnu++14";
				CLANG_CXX_LIBRARY = "libc++";
				CLANG_ENABLE_MODULES = YES;
				CLANG_ENABLE_OBJC_ARC = YES;
				CLANG_ENABLE_OBJC_WEAK = YES;
				CLANG_WARN_BLOCK_CAPTURE_AUTORELEASING = YES;
				CLANG_WARN_BOOL_CONVERSION = YES;
				CLANG_WARN_COMMA = YES;
				CLANG_WARN_CONSTANT_CONVERSION = YES;
				CLANG_WARN_DEPRECATED_OBJC_IMPLEMENTATIONS = YES;
				CLANG_WARN_DIRECT_OBJC_ISA_USAGE = YES_ERROR;
				CLANG_WARN_DOCUMENTATION_COMMENTS = YES;
				CLANG_WARN_EMPTY_BODY = YES;
				CLANG_WARN_ENUM_CONVERSION = YES;
				CLANG_WARN_INFINITE_RECURSION = YES;
				CLANG_WARN_INT_CONVERSION = YES;
				CLANG_WARN_NON_LITERAL_NULL_CONVERSION = YES;
				CLANG_WARN_OBJC_IMPLICIT_RETAIN_SELF = YES;
				CLANG_WARN_OBJC_LITERAL_CONVERSION = YES;
				CLANG_WARN_OBJC_ROOT_CLASS = YES_ERROR;
				CLANG_WARN_RANGE_LOOP_ANALYSIS = YES;
				CLANG_WARN_STRICT_PROTOTYPES = YES;
				CLANG_WARN_SUSPICIOUS_MOVE = YES;
				CLANG_WARN_UNGUARDED_AVAILABILITY = YES_AGGRESSIVE;
				CLANG_WARN_UNREACHABLE_CODE = YES;
				CLANG_WARN__DUPLICATE_METHOD_MATCH = YES;
				COPY_PHASE_STRIP = NO;
				DEBUG_INFORMATION_FORMAT = "dwarf-with-dsym";
				ENABLE_NS_ASSERTIONS = NO;
				ENABLE_STRICT_OBJC_MSGSEND = YES;
				GCC_C_LANGUAGE_STANDARD = gnu11;
				GCC_NO_COMMON_BLOCKS = YES;
				GCC_WARN_64_TO_32_BIT_CONVERSION = YES;
				GCC_WARN_ABOUT_RETURN_TYPE = YES_ERROR;
				GCC_WARN_UNDECLARED_SELECTOR = YES;
				GCC_WARN_UNINITIALIZED_AUTOS = YES_AGGRESSIVE;
				GCC_WARN_UNUSED_FUNCTION = YES;
				GCC_WARN_UNUSED_VARIABLE = YES;
				IPHONEOS_DEPLOYMENT_TARGET = 13.2;
				MTL_ENABLE_DEBUG_INFO = NO;
				MTL_FAST_MATH = YES;
				SDKROOT = iphoneos;
				SWIFT_COMPILATION_MODE = wholemodule;
				SWIFT_OPTIMIZATION_LEVEL = "-O";
				VALIDATE_PRODUCT = YES;
			};
			name = Release;
		};
		B7B4EC0023A6376900B3CD32 /* Debug */ = {
			isa = XCBuildConfiguration;
			buildSettings = {
				ASSETCATALOG_COMPILER_APPICON_NAME = AppIcon;
				CODE_SIGN_STYLE = Automatic;
				DEVELOPMENT_TEAM = Z93MCMKKDN;
				INFOPLIST_FILE = PIPTest/Info.plist;
				LD_RUNPATH_SEARCH_PATHS = (
					"$(inherited)",
					"@executable_path/Frameworks",
				);
				PRODUCT_BUNDLE_IDENTIFIER = co.benx.PIPTest;
				PRODUCT_NAME = "$(TARGET_NAME)";
				SWIFT_VERSION = 5.0;
				TARGETED_DEVICE_FAMILY = "1,2";
			};
			name = Debug;
		};
		B7B4EC0123A6376900B3CD32 /* Release */ = {
			isa = XCBuildConfiguration;
			buildSettings = {
				ASSETCATALOG_COMPILER_APPICON_NAME = AppIcon;
				CODE_SIGN_STYLE = Automatic;
				DEVELOPMENT_TEAM = Z93MCMKKDN;
				INFOPLIST_FILE = PIPTest/Info.plist;
				LD_RUNPATH_SEARCH_PATHS = (
					"$(inherited)",
					"@executable_path/Frameworks",
				);
				PRODUCT_BUNDLE_IDENTIFIER = co.benx.PIPTest;
				PRODUCT_NAME = "$(TARGET_NAME)";
				SWIFT_VERSION = 5.0;
				TARGETED_DEVICE_FAMILY = "1,2";
			};
			name = Release;
		};
/* End XCBuildConfiguration section */

/* Begin XCConfigurationList section */
		B7B4EBE623A6376800B3CD32 /* Build configuration list for PBXProject "PIPTest" */ = {
			isa = XCConfigurationList;
			buildConfigurations = (
				B7B4EBFD23A6376900B3CD32 /* Debug */,
				B7B4EBFE23A6376900B3CD32 /* Release */,
			);
			defaultConfigurationIsVisible = 0;
			defaultConfigurationName = Release;
		};
		B7B4EBFF23A6376900B3CD32 /* Build configuration list for PBXNativeTarget "PIPTest" */ = {
			isa = XCConfigurationList;
			buildConfigurations = (
				B7B4EC0023A6376900B3CD32 /* Debug */,
				B7B4EC0123A6376900B3CD32 /* Release */,
			);
			defaultConfigurationIsVisible = 0;
			defaultConfigurationName = Release;
		};
/* End XCConfigurationList section */
	};
	rootObject = B7B4EBE323A6376800B3CD32 /* Project object */;
}
